
Microsoft Visual Studio Solution File, Format Version 12.00
# Visual Studio 15
VisualStudioVersion = 15.0.28307.539
MinimumVisualStudioVersion = 10.0.40219.1
Project("{151D2E53-A2C4-4D7D-83FE-D05416EBD58E}") = "PartsUnlimited", "PartsUnlimited\PartsUnlimited.deployproj", "{032D3CB8-A782-4D1C-9165-748CA1CD7971}"
EndProject
Global
	GlobalSection(SolutionConfigurationPlatforms) = preSolution
		Debug|Any CPU = Debug|Any CPU
		Release|Any CPU = Release|Any CPU
	EndGlobalSection
	GlobalSection(ProjectConfigurationPlatforms) = postSolution
		{032D3CB8-A782-4D1C-9165-748CA1CD7971}.Debug|Any CPU.ActiveCfg = Debug|Any CPU
		{032D3CB8-A782-4D1C-9165-748CA1CD7971}.Debug|Any CPU.Build.0 = Debug|Any CPU
		{032D3CB8-A782-4D1C-9165-748CA1CD7971}.Release|Any CPU.ActiveCfg = Release|Any CPU
		{032D3CB8-A782-4D1C-9165-748CA1CD7971}.Release|Any CPU.Build.0 = Release|Any CPU
	EndGlobalSection
	GlobalSection(SolutionProperties) = preSolution
		HideSolutionNode = FALSE
	EndGlobalSection
	GlobalSection(ExtensibilityGlobals) = postSolution
		SolutionGuid = {86DADEB2-74F6-4DF7-A52C-8AD726A6120C}
	EndGlobalSection
EndGlobal
